
Microsoft Visual Studio Solution File, Format Version 12.00
# Visual Studio Version 16
VisualStudioVersion = 16.0.30523.141
MinimumVisualStudioVersion = 10.0.40219.1
Project("{FAE04EC0-301F-11D3-BF4B-00C04F79EFBC}") = "list8", "list8\list8.csproj", "{78F38464-1557-4D7A-97BF-C5DC9E1E2DAE}"
EndProject
Global
	GlobalSection(SolutionConfigurationPlatforms) = preSolution
		Debug|Any CPU = Debug|Any CPU
		Release|Any CPU = Release|Any CPU
	EndGlobalSection
	GlobalSection(ProjectConfigurationPlatforms) = postSolution
		{78F38464-1557-4D7A-97BF-C5DC9E1E2DAE}.Debug|Any CPU.ActiveCfg = Debug|Any CPU
		{78F38464-1557-4D7A-97BF-C5DC9E1E2DAE}.Debug|Any CPU.Build.0 = Debug|Any CPU
		{78F38464-1557-4D7A-97BF-C5DC9E1E2DAE}.Release|Any CPU.ActiveCfg = Release|Any CPU
		{78F38464-1557-4D7A-97BF-C5DC9E1E2DAE}.Release|Any CPU.Build.0 = Release|Any CPU
	EndGlobalSection
	GlobalSection(SolutionProperties) = preSolution
		HideSolutionNode = FALSE
	EndGlobalSection
	GlobalSection(ExtensibilityGlobals) = postSolution
		SolutionGuid = {77066F2F-551B-4465-9EC5-7BB5F4CB7A97}
	EndGlobalSection
EndGlobal
